{
  "name": "ng8-ant",
  "version": "0.0.0",
  "lockfileVersion": 1,
  "requires": true,
  "dependencies": {
    "@angular/cdk": {
      "version": "8.2.3",
      "resolved": "https://registry.npmjs.org/@angular/cdk/-/cdk-8.2.3.tgz",
      "integrity": "sha512-ZwO5Sn720RA2YvBqud0JAHkZXjmjxM0yNzCO8RVtRE9i8Gl26Wk0j0nQeJkVm4zwv2QO8MwbKUKGTMt8evsokA==",
      "requires": {
        "parse5": "^5.0.0",
        "tslib": "^1.7.1"
      },
      "dependencies": {
        "tslib": {
          "version": "1.10.0",
          "resolved": "https://registry.npmjs.org/tslib/-/tslib-1.10.0.tgz",
          "integrity": "sha512-qOebF53frne81cf0S9B41ByenJ3/IuH8yJKngAX35CmiZySA0khhkovshKK+jGCaMnVomla7gVlIcc3EvKPbTQ=="
        }
      }
    },
    "@ant-design/colors": {
      "version": "3.2.2",
      "resolved": "https://registry.npmjs.org/@ant-design/colors/-/colors-3.2.2.tgz",
      "integrity": "sha512-YKgNbG2dlzqMhA9NtI3/pbY16m3Yl/EeWBRa+lB1X1YaYxHrxNexiQYCLTWO/uDvAjLFMEDU+zR901waBtMtjQ==",
      "requires": {
        "tinycolor2": "^1.4.1"
      }
    },
    "@ant-design/icons-angular": {
      "version": "8.1.1",
      "resolved": "https://registry.npmjs.org/@ant-design/icons-angular/-/icons-angular-8.1.1.tgz",
      "integrity": "sha512-JMfavPHwahJcGWT13bTCt4IHzrsNgbJzzB+VWYtzjwWszMCVkkOOn+aJbslupHOl72KWDvklN/LjCQPBgu7xLQ==",
      "requires": {
        "@ant-design/colors": "^3.1.0",
        "tslib": "^1.9.0"
      },
      "dependencies": {
        "tslib": {
          "version": "1.10.0",
          "resolved": "https://registry.npmjs.org/tslib/-/tslib-1.10.0.tgz",
          "integrity": "sha512-qOebF53frne81cf0S9B41ByenJ3/IuH8yJKngAX35CmiZySA0khhkovshKK+jGCaMnVomla7gVlIcc3EvKPbTQ=="
        }
      }
    },
    "@ngrx/store": {
      "version": "8.5.2",
      "resolved": "https://registry.npmjs.org/@ngrx/store/-/store-8.5.2.tgz",
      "integrity": "sha512-JPlc23Aw3rlEKt6LCkg3a0zlo0tEgkohH3CDHVbUIYSgg3DWOnmNfwztbz4pa2u2wua5PfFCovC7HKTNmapx/w=="
    },
    "@ngrx/store-devtools": {
      "version": "8.5.2",
      "resolved": "https://registry.npmjs.org/@ngrx/store-devtools/-/store-devtools-8.5.2.tgz",
      "integrity": "sha512-3GrAAX3/J39u0AcREgWBiUwuNkZhgei+2K6/bulkAu/BHw+PJaZqq5+c+uQFvi0/aq+/8+9wjNhhCWS4Entk/Q=="
    },
    "date-fns": {
      "version": "1.30.1",
      "resolved": "https://registry.npmjs.org/date-fns/-/date-fns-1.30.1.tgz",
      "integrity": "sha512-hBSVCvSmWC+QypYObzwGOd9wqdDpOt+0wl0KbU+R+uuZBS1jN8VsD1ss3irQDknRj5NvxiTF6oj/nDRnN/UQNw=="
    },
    "minireset.css": {
      "version": "0.0.6",
      "resolved": "https://registry.npmjs.org/minireset.css/-/minireset.css-0.0.6.tgz",
      "integrity": "sha512-aluj16Tc1KhEYGDa/tedYzIbZ2Ax/JR25MUQzGkqOrcw/P5OPSlwNNrlLpdULu0xFNnxu2SRHx4rKiIMq3iSTQ=="
    },
    "ng-zorro-antd": {
      "version": "8.5.2",
      "resolved": "https://registry.npmjs.org/ng-zorro-antd/-/ng-zorro-antd-8.5.2.tgz",
      "integrity": "sha512-x+QJULyU1IXiAbf/lFPxYC/JUJvBGzU9UXnXSyLnMPZpdtEXodaF/L1N1CpSUr5SimLiHRe/jsVHDWkg0HqfYg==",
      "requires": {
        "@angular/cdk": "^8.0.0",
        "@ant-design/icons-angular": "^8.0.2",
        "date-fns": "^1.30.1",
        "tslib": "^1.9.0"
      },
      "dependencies": {
        "tslib": {
          "version": "1.10.0",
          "resolved": "https://registry.npmjs.org/tslib/-/tslib-1.10.0.tgz",
          "integrity": "sha512-qOebF53frne81cf0S9B41ByenJ3/IuH8yJKngAX35CmiZySA0khhkovshKK+jGCaMnVomla7gVlIcc3EvKPbTQ=="
        }
      }
    },
    "parse5": {
      "version": "5.1.1",
      "resolved": "https://registry.npmjs.org/parse5/-/parse5-5.1.1.tgz",
      "integrity": "sha512-ugq4DFI0Ptb+WWjAdOK16+u/nHfiIrcE+sh8kZMaM0WllQKLI9rOUq6c2b7cwPkXdzfQESqvoqK6ug7U/Yyzug==",
      "optional": true
    },
    "tinycolor2": {
      "version": "1.4.1",
      "resolved": "https://registry.npmjs.org/tinycolor2/-/tinycolor2-1.4.1.tgz",
      "integrity": "sha1-9PrTM0R7wLB9TcjpIJ2POaisd+g="
    }
  }
}
